
Microsoft Visual Studio Solution File, Format Version 11.00
# Visual Studio 2010
Project("{FAE04EC0-301F-11D3-BF4B-00C04F79EFBC}") = "FBLA-Adventure", "Assembly-CSharp-firstpass.csproj", "{210B5F02-417D-643F-84D0-50A264A98C32}"
EndProject
Project("{FAE04EC0-301F-11D3-BF4B-00C04F79EFBC}") = "FBLA-Adventure", "Assembly-CSharp.csproj", "{C054B3CA-5CD9-1415-DDFF-DA188DD763DF}"
EndProject
Project("{FAE04EC0-301F-11D3-BF4B-00C04F79EFBC}") = "FBLA-Adventure", "Assembly-CSharp-Editor-firstpass.csproj", "{675305F8-ADE8-95DF-6EE0-E95A1477D0B6}"
EndProject
Global
	GlobalSection(SolutionConfigurationPlatforms) = preSolution
		Debug|Any CPU = Debug|Any CPU
		Release|Any CPU = Release|Any CPU
	EndGlobalSection
	GlobalSection(ProjectConfigurationPlatforms) = postSolution
		{210B5F02-417D-643F-84D0-50A264A98C32}.Debug|Any CPU.ActiveCfg = Debug|Any CPU
		{210B5F02-417D-643F-84D0-50A264A98C32}.Debug|Any CPU.Build.0 = Debug|Any CPU
		{210B5F02-417D-643F-84D0-50A264A98C32}.Release|Any CPU.ActiveCfg = Release|Any CPU
		{210B5F02-417D-643F-84D0-50A264A98C32}.Release|Any CPU.Build.0 = Release|Any CPU
		{C054B3CA-5CD9-1415-DDFF-DA188DD763DF}.Debug|Any CPU.ActiveCfg = Debug|Any CPU
		{C054B3CA-5CD9-1415-DDFF-DA188DD763DF}.Debug|Any CPU.Build.0 = Debug|Any CPU
		{C054B3CA-5CD9-1415-DDFF-DA188DD763DF}.Release|Any CPU.ActiveCfg = Release|Any CPU
		{C054B3CA-5CD9-1415-DDFF-DA188DD763DF}.Release|Any CPU.Build.0 = Release|Any CPU
		{675305F8-ADE8-95DF-6EE0-E95A1477D0B6}.Debug|Any CPU.ActiveCfg = Debug|Any CPU
		{675305F8-ADE8-95DF-6EE0-E95A1477D0B6}.Debug|Any CPU.Build.0 = Debug|Any CPU
		{675305F8-ADE8-95DF-6EE0-E95A1477D0B6}.Release|Any CPU.ActiveCfg = Release|Any CPU
		{675305F8-ADE8-95DF-6EE0-E95A1477D0B6}.Release|Any CPU.Build.0 = Release|Any CPU
	EndGlobalSection
	GlobalSection(SolutionProperties) = preSolution
		HideSolutionNode = FALSE
	EndGlobalSection
	GlobalSection(MonoDevelopProperties) = preSolution
		StartupItem = Assembly-CSharp.csproj
	EndGlobalSection
EndGlobal
